
Microsoft Visual Studio Solution File, Format Version 12.00
# Visual Studio 15
VisualStudioVersion = 15.0.28307.1000
MinimumVisualStudioVersion = 10.0.40219.1
Project("{FAE04EC0-301F-11D3-BF4B-00C04F79EFBC}") = "WebAPI", "FornecedorWebApp\WebAPI.csproj", "{39D481B1-C26A-43ED-A792-FF83D9C88D12}"
EndProject
Project("{FAE04EC0-301F-11D3-BF4B-00C04F79EFBC}") = "WebApp", "WebApp\WebApp.csproj", "{F3554503-647B-4630-BE0A-1A5DF6EBA053}"
EndProject
Global
	GlobalSection(SolutionConfigurationPlatforms) = preSolution
		Debug|Any CPU = Debug|Any CPU
		Release|Any CPU = Release|Any CPU
	EndGlobalSection
	GlobalSection(ProjectConfigurationPlatforms) = postSolution
		{39D481B1-C26A-43ED-A792-FF83D9C88D12}.Debug|Any CPU.ActiveCfg = Debug|Any CPU
		{39D481B1-C26A-43ED-A792-FF83D9C88D12}.Debug|Any CPU.Build.0 = Debug|Any CPU
		{39D481B1-C26A-43ED-A792-FF83D9C88D12}.Release|Any CPU.ActiveCfg = Release|Any CPU
		{39D481B1-C26A-43ED-A792-FF83D9C88D12}.Release|Any CPU.Build.0 = Release|Any CPU
		{F3554503-647B-4630-BE0A-1A5DF6EBA053}.Debug|Any CPU.ActiveCfg = Debug|Any CPU
		{F3554503-647B-4630-BE0A-1A5DF6EBA053}.Debug|Any CPU.Build.0 = Debug|Any CPU
		{F3554503-647B-4630-BE0A-1A5DF6EBA053}.Release|Any CPU.ActiveCfg = Release|Any CPU
		{F3554503-647B-4630-BE0A-1A5DF6EBA053}.Release|Any CPU.Build.0 = Release|Any CPU
	EndGlobalSection
	GlobalSection(SolutionProperties) = preSolution
		HideSolutionNode = FALSE
	EndGlobalSection
	GlobalSection(ExtensibilityGlobals) = postSolution
		SolutionGuid = {7FCA92B8-7834-4660-AB73-A2395E394EDB}
	EndGlobalSection
EndGlobal
